PODS:
  - Elephant (0.1.0)
  - PanModal (1.2.7)

DEPENDENCIES:
  - Elephant
  - PanModal

SPEC REPOS:
  trunk:
    - Elephant
    - PanModal

SPEC CHECKSUMS:
  Elephant: 66d92a5e621da1461fe44189dcbfdcabbd7358c4
  PanModal: 3e16ead1a907fb06f4df3f13492fd00149fa4974

PODFILE CHECKSUM: 61e5ab44102f6d81c7f6fc8fbdb8dcb91343eb41

COCOAPODS: 1.11.2
